version = 1
revision = 1
requires-python = ">=3.11.11"

[[package]]
name = "anyio"
version = "4.8.0"
source = { registry = "http://127.0.0.1:9000/simple/" }
dependencies = [
    { name = "idna" },
    { name = "sniffio" },
    { name = "typing-extensions", marker = "python_full_version < '3.13'" },
]
wheels = [
    { url = "http://127.0.0.1:9000/packages/basic/anyio-4.8.0-py3-none-any.whl", hash = "sha256:b5011f270ab5eb0abf13385f851315585cc37ef330dd88e27ec3d34d651fd47a" },
]

[[package]]
name = "certifi"
version = "2025.1.31"
source = { registry = "http://127.0.0.1:9000/simple/" }
wheels = [
    { url = "http://127.0.0.1:9000/packages/basic/certifi-2025.1.31-py3-none-any.whl", hash = "sha256:ca78db4565a652026a4db2bcdf68f2fb589ea80d0be70e03929ed730746b84fe" },
]

[[package]]
name = "charset-normalizer"
version = "3.4.1"
source = { registry = "http://127.0.0.1:9000/simple/" }
wheels = [
    { url = "http://127.0.0.1:9000/packages/basic/charset_normalizer-3.4.1-cp311-cp311-manylinux_2_17_x86_64.manylinux2014_x86_64.whl", hash = "sha256:fd4ec41f914fa74ad1b8304bbc634b3de73d2a0889bd32076342a573e0779e00" },
]

[[package]]
name = "colorama"
version = "0.4.6"
source = { registry = "http://127.0.0.1:9000/simple/" }
sdist = { url = "https://mirrors.aliyun.com/pypi/packages/d8/53/6f443c9a4a8358a93a6792e2acffb9d9d5cb0a5cfd8802644b7b1c9a02e4/colorama-0.4.6.tar.gz", hash = "sha256:08695f5cb7ed6e0531a20572697297273c47b8cae5a63ffc6d6ed5c201be6e44" }
wheels = [
    { url = "https://mirrors.aliyun.com/pypi/packages/d1/d6/3965ed04c63042e047cb6a3e6ed1a63a35087b6a609aa3a15ed8ac56c221/colorama-0.4.6-py2.py3-none-any.whl", hash = "sha256:4f1d9991f5acc0ca119f9d443620b77f9d6b33703e51011c16baf57afb285fc6" },
]

[[package]]
name = "cowsay"
version = "6.1"
source = { registry = "http://127.0.0.1:9000/simple/" }
wheels = [
    { url = "http://127.0.0.1:9000/packages/basic/cowsay-6.1-py3-none-any.whl", hash = "sha256:274b1e6fc1b966d53976333eb90ac94cb07a450a700b455af9fbdf882244b30a" },
]

[[package]]
name = "h11"
version = "0.14.0"
source = { registry = "http://127.0.0.1:9000/simple/" }
wheels = [
    { url = "http://127.0.0.1:9000/packages/basic/h11-0.14.0-py3-none-any.whl", hash = "sha256:e3fe4ac4b851c468cc8363d500db52c2ead036020723024a109d37346efaa761" },
]

[[package]]
name = "hello-world"
version = "0.1.0"
source = { virtual = "." }
dependencies = [
    { name = "cowsay" },
    { name = "httpx" },
    { name = "requests" },
]

[package.dev-dependencies]
dev = [
    { name = "pytest" },
]
lint = [
    { name = "ruff" },
]

[package.metadata]
requires-dist = [
    { name = "cowsay", specifier = ">=6.1" },
    { name = "httpx", specifier = ">=0.28.1" },
    { name = "requests", specifier = ">=2.32.3" },
]

[package.metadata.requires-dev]
dev = [{ name = "pytest", specifier = ">=8.3.4" }]
lint = [{ name = "ruff", specifier = ">=0.9.8" }]

[[package]]
name = "httpcore"
version = "1.0.7"
source = { registry = "http://127.0.0.1:9000/simple/" }
dependencies = [
    { name = "certifi" },
    { name = "h11" },
]
wheels = [
    { url = "http://127.0.0.1:9000/packages/basic/httpcore-1.0.7-py3-none-any.whl", hash = "sha256:a3fff8f43dc260d5bd363d9f9cf1830fa3a458b332856f34282de498ed420edd" },
]

[[package]]
name = "httpx"
version = "0.28.1"
source = { registry = "http://127.0.0.1:9000/simple/" }
dependencies = [
    { name = "anyio" },
    { name = "certifi" },
    { name = "httpcore" },
    { name = "idna" },
]
wheels = [
    { url = "http://127.0.0.1:9000/packages/basic/httpx-0.28.1-py3-none-any.whl", hash = "sha256:d909fcccc110f8c7faf814ca82a9a4d816bc5a6dbfea25d6591d6985b8ba59ad" },
]

[[package]]
name = "idna"
version = "3.10"
source = { registry = "http://127.0.0.1:9000/simple/" }
wheels = [
    { url = "http://127.0.0.1:9000/packages/basic/idna-3.10-py3-none-any.whl", hash = "sha256:946d195a0d259cbba61165e88e65941f16e9b36ea6ddb97f00452bae8b1287d3" },
]

[[package]]
name = "iniconfig"
version = "2.0.0"
source = { registry = "http://127.0.0.1:9000/simple/" }
sdist = { url = "https://mirrors.aliyun.com/pypi/packages/d7/4b/cbd8e699e64a6f16ca3a8220661b5f83792b3017d0f79807cb8708d33913/iniconfig-2.0.0.tar.gz", hash = "sha256:2d91e135bf72d31a410b17c16da610a82cb55f6b0477d1a902134b24a455b8b3" }
wheels = [
    { url = "https://mirrors.aliyun.com/pypi/packages/ef/a6/62565a6e1cf69e10f5727360368e451d4b7f58beeac6173dc9db836a5b46/iniconfig-2.0.0-py3-none-any.whl", hash = "sha256:b6a85871a79d2e3b22d2d1b94ac2824226a63c6b741c88f7ae975f18b6778374" },
]

[[package]]
name = "packaging"
version = "24.2"
source = { registry = "http://127.0.0.1:9000/simple/" }
wheels = [
    { url = "http://127.0.0.1:9000/packages/basic/packaging-24.2-py3-none-any.whl", hash = "sha256:09abb1bccd265c01f4a3aa3f7a7db064b36514d2cba19a2f694fe6150451a759" },
]

[[package]]
name = "pluggy"
version = "1.5.0"
source = { registry = "http://127.0.0.1:9000/simple/" }
sdist = { url = "https://mirrors.aliyun.com/pypi/packages/96/2d/02d4312c973c6050a18b314a5ad0b3210edb65a906f868e31c111dede4a6/pluggy-1.5.0.tar.gz", hash = "sha256:2cffa88e94fdc978c4c574f15f9e59b7f4201d439195c3715ca9e2486f1d0cf1" }
wheels = [
    { url = "https://mirrors.aliyun.com/pypi/packages/88/5f/e351af9a41f866ac3f1fac4ca0613908d9a41741cfcf2228f4ad853b697d/pluggy-1.5.0-py3-none-any.whl", hash = "sha256:44e1ad92c8ca002de6377e165f3e0f1be63266ab4d554740532335b9d75ea669" },
]

[[package]]
name = "pytest"
version = "8.3.4"
source = { registry = "http://127.0.0.1:9000/simple/" }
dependencies = [
    { name = "colorama", marker = "sys_platform == 'win32'" },
    { name = "iniconfig" },
    { name = "packaging" },
    { name = "pluggy" },
]
sdist = { url = "https://mirrors.aliyun.com/pypi/packages/05/35/30e0d83068951d90a01852cb1cef56e5d8a09d20c7f511634cc2f7e0372a/pytest-8.3.4.tar.gz", hash = "sha256:965370d062bce11e73868e0335abac31b4d3de0e82f4007408d242b4f8610761" }
wheels = [
    { url = "https://mirrors.aliyun.com/pypi/packages/11/92/76a1c94d3afee238333bc0a42b82935dd8f9cf8ce9e336ff87ee14d9e1cf/pytest-8.3.4-py3-none-any.whl", hash = "sha256:50e16d954148559c9a74109af1eaf0c945ba2d8f30f0a3d3335edde19788b6f6" },
]

[[package]]
name = "requests"
version = "2.32.3"
source = { registry = "http://127.0.0.1:9000/simple/" }
dependencies = [
    { name = "certifi" },
    { name = "charset-normalizer" },
    { name = "idna" },
    { name = "urllib3" },
]
wheels = [
    { url = "http://127.0.0.1:9000/packages/basic/requests-2.32.3-py3-none-any.whl", hash = "sha256:70761cfe03c773ceb22aa2f671b4757976145175cdfca038c02654d061d6dcc6" },
]

[[package]]
name = "ruff"
version = "0.9.8"
source = { registry = "http://127.0.0.1:9000/simple/" }
sdist = { url = "https://mirrors.aliyun.com/pypi/packages/e9/59/ac745a2492986a4c900c73a7a3a10eb4d7a3853e43443519bceecae5eefc/ruff-0.9.8.tar.gz", hash = "sha256:12d455f2be6fe98accbea2487bbb8eaec716c760bf60b45e7e13f76f913f56e9" }
wheels = [
    { url = "https://mirrors.aliyun.com/pypi/packages/5c/1c/9de3a463279e9a203104fe80881d7dcfd8377eb52b3d5608770ea6ff3dc6/ruff-0.9.8-py3-none-linux_armv6l.whl", hash = "sha256:d236f0ce0190bbc6fa9b4c4b85e916fb4c50fd087e6558af1bf5a45eb20e374d" },
    { url = "https://mirrors.aliyun.com/pypi/packages/35/10/a4eda083ad0b60a4c16bc9a68c6eda59de69a3a58913a0b62541f5c551cd/ruff-0.9.8-py3-none-macosx_10_12_x86_64.whl", hash = "sha256:59fac6922b336d0c38df199761ade561563e1b7636e3a2b767b9ee5a68aa9cbf" },
    { url = "https://mirrors.aliyun.com/pypi/packages/57/34/cf7e18f2315926ee2c98f931717e1302f8c3face189f5b99352eb48c5373/ruff-0.9.8-py3-none-macosx_11_0_arm64.whl", hash = "sha256:a82082ec72bde2166ec138055307396c4d4e543fd97266dc2bfa24284cb30af6" },
    { url = "https://mirrors.aliyun.com/pypi/packages/f3/08/5e7e8fc08d193e3520b9227249a00bc9b8da9e0a20bf97bef03a9a9f0d38/ruff-0.9.8-py3-none-manylinux_2_17_aarch64.manylinux2014_aarch64.whl", hash = "sha256:e06635d12321605d1d11226c7d3c6b1245a0df498099868d14b4e353b3f0ac22" },
    { url = "https://mirrors.aliyun.com/pypi/packages/54/c0/df2187618b87334867ea7942f6d2d79ea3e5cb3ed709cfa5c8df115d3715/ruff-0.9.8-py3-none-manylinux_2_17_armv7l.manylinux2014_armv7l.whl", hash = "sha256:65961815bb35d427e957940d13b2a1d0a67d8b245d3a7e0b5a4a2058536d3532" },
    { url = "https://mirrors.aliyun.com/pypi/packages/fb/39/8fc50b87203e71e6f3281111813ab0f3d6095cb1129efc2cf4c33e977657/ruff-0.9.8-py3-none-manylinux_2_17_i686.manylinux2014_i686.whl", hash = "sha256:c18356beaef174797ad83f11debc5569e96afa73a549b2d073912565cfc4cfd1" },
    { url = "https://mirrors.aliyun.com/pypi/packages/6a/7b/53cd91b99a1cef31126859fb98fdc347c47e0047a9ec51391ea28f08284d/ruff-0.9.8-py3-none-manylinux_2_17_ppc64.manylinux2014_ppc64.whl", hash = "sha256:a1dfc443bee0288ea926a4d9ecfd858bf94ddf0a03a256c63e81b2b6dccdfc7d" },
    { url = "https://mirrors.aliyun.com/pypi/packages/1a/d4/949a328934202a2d2641dcd759761d8ed806e672cbbad0a88e20a46c43ba/ruff-0.9.8-py3-none-manylinux_2_17_ppc64le.manylinux2014_ppc64le.whl", hash = "sha256:bc86d5a85cd5ab1d5aff1650f038aa34681d0692cc2467aa9ddef37bd56ea3f9" },
    { url = "https://mirrors.aliyun.com/pypi/packages/c6/8e/8520a4d97eefedb8472811fd5144fcb1fcbb29f83bb9bb4356a468e7eeac/ruff-0.9.8-py3-none-manylinux_2_17_s390x.manylinux2014_s390x.whl", hash = "sha256:66662aa19535d58fe6d04e5b59a39e495b102f2f5a2a1b9698e240eb78f429ef" },
    { url = "https://mirrors.aliyun.com/pypi/packages/24/68/f1629e00dbc5c9adcd31f12f9438b68c50ab0eefca8b07e11b6c94f11b09/ruff-0.9.8-py3-none-manylinux_2_17_x86_64.manylinux2014_x86_64.whl", hash = "sha256:733647b2fe9367e1aa049c0eba296363746f3bc0dbfd454b0bc4b7b46cdf0146" },
    { url = "https://mirrors.aliyun.com/pypi/packages/28/65/c133462f179b925e49910532c7d7b5a244df5995c155cd2ab9452545926f/ruff-0.9.8-py3-none-musllinux_1_2_aarch64.whl", hash = "sha256:100031be9777f67af7f61b4d4eea2a0531ed6788940aca4360f6b9aae317c53b" },
    { url = "https://mirrors.aliyun.com/pypi/packages/d8/1e/9339aef1896470380838385dbdc91f62998c37d406009f05ff3b810265f3/ruff-0.9.8-py3-none-musllinux_1_2_armv7l.whl", hash = "sha256:2f090758d58b4667d9022eee1085a854db93d800279e5a177ebda5adc1faf639" },
    { url = "https://mirrors.aliyun.com/pypi/packages/ca/33/2a2934860df6bd3665776ec686fc33910e7a1b793bdd2f000aea3e8f0b65/ruff-0.9.8-py3-none-musllinux_1_2_i686.whl", hash = "sha256:f774998b9c9a062510533aba9b53085de6be6d41e13a7a0bd086af8a40e838c3" },
    { url = "https://mirrors.aliyun.com/pypi/packages/74/66/0a7677b1cda4b2367a654f9af57f1dbe58f38c6704da88aee9bbf3941197/ruff-0.9.8-py3-none-musllinux_1_2_x86_64.whl", hash = "sha256:6ef7cc80626264ab8ab4d68b359ba867b8a52b0830a9643cd31289146dd40892" },
    { url = "https://mirrors.aliyun.com/pypi/packages/c4/90/6c98f94e036c8acdf19bd8f3f84d246e43cbcc950e24dc7ff85d2f2735ba/ruff-0.9.8-py3-none-win32.whl", hash = "sha256:54b57b623a683e696a1ede99db95500763c1badafe105b6ad8d8e9d96e385ae2" },
    { url = "https://mirrors.aliyun.com/pypi/packages/f5/e7/35877491b4b64daa35cbd7dc06aa5969e7bb1cd6f69e5594e4376dfbc16d/ruff-0.9.8-py3-none-win_amd64.whl", hash = "sha256:b0878103b2fb8af55ad701308a69ce713108ad346c3a3a143ebcd1e13829c9a7" },
    { url = "https://mirrors.aliyun.com/pypi/packages/6e/98/de77a972b2e9ded804dea5d4e6fbfa093d99e81092602567787ea87979af/ruff-0.9.8-py3-none-win_arm64.whl", hash = "sha256:e459a4fc4150fcc60da26c59a6a4b70878c60a99df865a71cf6f958dc68c419a" },
]

[[package]]
name = "sniffio"
version = "1.3.1"
source = { registry = "http://127.0.0.1:9000/simple/" }
wheels = [
    { url = "http://127.0.0.1:9000/packages/basic/sniffio-1.3.1-py3-none-any.whl", hash = "sha256:2f6da418d1f1e0fddd844478f41680e794e6051915791a034ff65e5f100525a2" },
]

[[package]]
name = "typing-extensions"
version = "4.12.2"
source = { registry = "http://127.0.0.1:9000/simple/" }
wheels = [
    { url = "http://127.0.0.1:9000/packages/basic/typing_extensions-4.12.2-py3-none-any.whl", hash = "sha256:04e5ca0351e0f3f85c6853954072df659d0d13fac324d0072316b67d7794700d" },
    { url = "http://127.0.0.1:9000/packages/torch/torch_2.4.1_cu118/typing_extensions-4.12.2-py3-none-any.whl", hash = "sha256:04e5ca0351e0f3f85c6853954072df659d0d13fac324d0072316b67d7794700d" },
    { url = "http://127.0.0.1:9000/packages/torch/torch_2.4.1_cu121/typing_extensions-4.12.2-py3-none-any.whl", hash = "sha256:04e5ca0351e0f3f85c6853954072df659d0d13fac324d0072316b67d7794700d" },
    { url = "http://127.0.0.1:9000/packages/torch/torch_2.5.1_cu118/typing_extensions-4.12.2-py3-none-any.whl", hash = "sha256:04e5ca0351e0f3f85c6853954072df659d0d13fac324d0072316b67d7794700d" },
    { url = "http://127.0.0.1:9000/packages/torch/torch_2.5.1_cu121/typing_extensions-4.12.2-py3-none-any.whl", hash = "sha256:04e5ca0351e0f3f85c6853954072df659d0d13fac324d0072316b67d7794700d" },
]

[[package]]
name = "urllib3"
version = "2.3.0"
source = { registry = "http://127.0.0.1:9000/simple/" }
wheels = [
    { url = "http://127.0.0.1:9000/packages/basic/urllib3-2.3.0-py3-none-any.whl", hash = "sha256:1cee9ad369867bfdbbb48b7dd50374c0967a0bb7710050facf0dd6911440e3df" },
]
